// !$*UTF8*$!
{
	archiveVersion = 1;
	classes = {
	};
	objectVersion = 46;
	objects = {

/* Begin PBXBuildFile section */
		1AF1CFE31A92CA9A00B0BEA3 /* AppDelegate.swift in Sources */ = {isa = PBXBuildFile; fileRef = 1AF1CFE21A92CA9A00B0BEA3 /* AppDelegate.swift */; };
		1AF1CFE61A92CA9A00B0BEA3 /* EstimoteSwiftTest.xcdatamodeld in Sources */ = {isa = PBXBuildFile; fileRef = 1AF1CFE41A92CA9A00B0BEA3 /* EstimoteSwiftTest.xcdatamodeld */; };
		1AF1CFE81A92CA9A00B0BEA3 /* ViewController.swift in Sources */ = {isa = PBXBuildFile; fileRef = 1AF1CFE71A92CA9A00B0BEA3 /* ViewController.swift */; };
		1AF1CFEB1A92CA9A00B0BEA3 /* Main.storyboard in Resources */ = {isa = PBXBuildFile; fileRef = 1AF1CFE91A92CA9A00B0BEA3 /* Main.storyboard */; };
		1AF1CFED1A92CA9A00B0BEA3 /* Images.xcassets in Resources */ = {isa = PBXBuildFile; fileRef = 1AF1CFEC1A92CA9A00B0BEA3 /* Images.xcassets */; };
		1AF1CFF01A92CA9A00B0BEA3 /* LaunchScreen.xib in Resources */ = {isa = PBXBuildFile; fileRef = 1AF1CFEE1A92CA9A00B0BEA3 /* LaunchScreen.xib */; };
		1AF1CFFC1A92CA9A00B0BEA3 /* EstimoteSwiftTestTests.swift in Sources */ = {isa = PBXBuildFile; fileRef = 1AF1CFFB1A92CA9A00B0BEA3 /* EstimoteSwiftTestTests.swift */; };
		1AF1D0201A92CAD800B0BEA3 /* libEstimoteSDK.a in Frameworks */ = {isa = PBXBuildFile; fileRef = 1AF1D01F1A92CAD800B0BEA3 /* libEstimoteSDK.a */; };
		1AF1D0221A92CB6700B0BEA3 /* CoreBluetooth.framework in Frameworks */ = {isa = PBXBuildFile; fileRef = 1AF1D0211A92CB6700B0BEA3 /* CoreBluetooth.framework */; };
		1AF1D0241A92CB6F00B0BEA3 /* CoreLocation.framework in Frameworks */ = {isa = PBXBuildFile; fileRef = 1AF1D0231A92CB6F00B0BEA3 /* CoreLocation.framework */; };
		1AF1D0261A92CB7900B0BEA3 /* SystemConfiguration.framework in Frameworks */ = {isa = PBXBuildFile; fileRef = 1AF1D0251A92CB7900B0BEA3 /* SystemConfiguration.framework */; };
/* End PBXBuildFile section */

/* Begin PBXContainerItemProxy section */
		1AF1CFF61A92CA9A00B0BEA3 /* PBXContainerItemProxy */ = {
			isa = PBXContainerItemProxy;
			containerPortal = 1AF1CFD51A92CA9A00B0BEA3 /* Project object */;
			proxyType = 1;
			remoteGlobalIDString = 1AF1CFDC1A92CA9A00B0BEA3;
			remoteInfo = EstimoteSwiftTest;
		};
/* End PBXContainerItemProxy section */

/* Begin PBXFileReference section */
		1AF1CFDD1A92CA9A00B0BEA3 /* EstimoteSwiftTest.app */ = {isa = PBXFileReference; explicitFileType = wrapper.application; includeInIndex = 0; path = EstimoteSwiftTest.app; sourceTree = BUILT_PRODUCTS_DIR; };
		1AF1CFE11A92CA9A00B0BEA3 /* Info.plist */ = {isa = PBXFileReference; lastKnownFileType = text.plist.xml; path = Info.plist; sourceTree = "<group>"; };
		1AF1CFE21A92CA9A00B0BEA3 /* AppDelegate.swift */ = {isa = PBXFileReference; lastKnownFileType = sourcecode.swift; path = AppDelegate.swift; sourceTree = "<group>"; };
		1AF1CFE51A92CA9A00B0BEA3 /* EstimoteSwiftTest.xcdatamodel */ = {isa = PBXFileReference; lastKnownFileType = wrapper.xcdatamodel; path = EstimoteSwiftTest.xcdatamodel; sourceTree = "<group>"; };
		1AF1CFE71A92CA9A00B0BEA3 /* ViewController.swift */ = {isa = PBXFileReference; lastKnownFileType = sourcecode.swift; path = ViewController.swift; sourceTree = "<group>"; };
		1AF1CFEA1A92CA9A00B0BEA3 /* Base */ = {isa = PBXFileReference; lastKnownFileType = file.storyboard; name = Base; path = Base.lproj/Main.storyboard; sourceTree = "<group>"; };
		1AF1CFEC1A92CA9A00B0BEA3 /* Images.xcassets */ = {isa = PBXFileReference; lastKnownFileType = folder.assetcatalog; path = Images.xcassets; sourceTree = "<group>"; };
		1AF1CFEF1A92CA9A00B0BEA3 /* Base */ = {isa = PBXFileReference; lastKnownFileType = file.xib; name = Base; path = Base.lproj/LaunchScreen.xib; sourceTree = "<group>"; };
		1AF1CFF51A92CA9A00B0BEA3 /* EstimoteSwiftTestTests.xctest */ = {isa = PBXFileReference; explicitFileType = wrapper.cfbundle; includeInIndex = 0; path = EstimoteSwiftTestTests.xctest; sourceTree = BUILT_PRODUCTS_DIR; };
		1AF1CFFA1A92CA9A00B0BEA3 /* Info.plist */ = {isa = PBXFileReference; lastKnownFileType = text.plist.xml; path = Info.plist; sourceTree = "<group>"; };
		1AF1CFFB1A92CA9A00B0BEA3 /* EstimoteSwiftTestTests.swift */ = {isa = PBXFileReference; lastKnownFileType = sourcecode.swift; path = EstimoteSwiftTestTests.swift; sourceTree = "<group>"; };
		1AF1D0071A92CAD800B0BEA3 /* ESTBeacon.h */ = {isa = PBXFileReference; fileEncoding = 4; lastKnownFileType = sourcecode.c.h; path = ESTBeacon.h; sourceTree = "<group>"; };
		1AF1D0081A92CAD800B0BEA3 /* ESTBeaconDefinitions.h */ = {isa = PBXFileReference; fileEncoding = 4; lastKnownFileType = sourcecode.c.h; path = ESTBeaconDefinitions.h; sourceTree = "<group>"; };
		1AF1D0091A92CAD800B0BEA3 /* ESTBeaconFirmwareVO.h */ = {isa = PBXFileReference; fileEncoding = 4; lastKnownFileType = sourcecode.c.h; path = ESTBeaconFirmwareVO.h; sourceTree = "<group>"; };
		1AF1D00A1A92CAD800B0BEA3 /* ESTBeaconManager.h */ = {isa = PBXFileReference; fileEncoding = 4; lastKnownFileType = sourcecode.c.h; path = ESTBeaconManager.h; sourceTree = "<group>"; };
		1AF1D00B1A92CAD800B0BEA3 /* ESTBeaconRegion.h */ = {isa = PBXFileReference; fileEncoding = 4; lastKnownFileType = sourcecode.c.h; path = ESTBeaconRegion.h; sourceTree = "<group>"; };
		1AF1D00C1A92CAD800B0BEA3 /* ESTBeaconUpdateConfig.h */ = {isa = PBXFileReference; fileEncoding = 4; lastKnownFileType = sourcecode.c.h; path = ESTBeaconUpdateConfig.h; sourceTree = "<group>"; };
		1AF1D00D1A92CAD800B0BEA3 /* ESTBeaconUpdateInfo.h */ = {isa = PBXFileReference; fileEncoding = 4; lastKnownFileType = sourcecode.c.h; path = ESTBeaconUpdateInfo.h; sourceTree = "<group>"; };
		1AF1D00E1A92CAD800B0BEA3 /* ESTBeaconVO.h */ = {isa = PBXFileReference; fileEncoding = 4; lastKnownFileType = sourcecode.c.h; path = ESTBeaconVO.h; sourceTree = "<group>"; };
		1AF1D00F1A92CAD800B0BEA3 /* ESTBulkUpdater.h */ = {isa = PBXFileReference; fileEncoding = 4; lastKnownFileType = sourcecode.c.h; path = ESTBulkUpdater.h; sourceTree = "<group>"; };
		1AF1D0101A92CAD800B0BEA3 /* ESTConfig.h */ = {isa = PBXFileReference; fileEncoding = 4; lastKnownFileType = sourcecode.c.h; path = ESTConfig.h; sourceTree = "<group>"; };
		1AF1D0111A92CAD800B0BEA3 /* ESTDateRule.h */ = {isa = PBXFileReference; fileEncoding = 4; lastKnownFileType = sourcecode.c.h; path = ESTDateRule.h; sourceTree = "<group>"; };
		1AF1D0121A92CAD800B0BEA3 /* ESTDefinitions.h */ = {isa = PBXFileReference; fileEncoding = 4; lastKnownFileType = sourcecode.c.h; path = ESTDefinitions.h; sourceTree = "<group>"; };
		1AF1D0131A92CAD800B0BEA3 /* ESTFirmwareInfoVO.h */ = {isa = PBXFileReference; fileEncoding = 4; lastKnownFileType = sourcecode.c.h; path = ESTFirmwareInfoVO.h; sourceTree = "<group>"; };
		1AF1D0141A92CAD800B0BEA3 /* ESTMotionRule.h */ = {isa = PBXFileReference; fileEncoding = 4; lastKnownFileType = sourcecode.c.h; path = ESTMotionRule.h; sourceTree = "<group>"; };
		1AF1D0151A92CAD800B0BEA3 /* ESTNearable.h */ = {isa = PBXFileReference; fileEncoding = 4; lastKnownFileType = sourcecode.c.h; path = ESTNearable.h; sourceTree = "<group>"; };
		1AF1D0161A92CAD800B0BEA3 /* ESTNearableDefinitions.h */ = {isa = PBXFileReference; fileEncoding = 4; lastKnownFileType = sourcecode.c.h; path = ESTNearableDefinitions.h; sourceTree = "<group>"; };
		1AF1D0171A92CAD800B0BEA3 /* ESTNearableManager.h */ = {isa = PBXFileReference; fileEncoding = 4; lastKnownFileType = sourcecode.c.h; path = ESTNearableManager.h; sourceTree = "<group>"; };
		1AF1D0181A92CAD800B0BEA3 /* ESTNearableRule.h */ = {isa = PBXFileReference; fileEncoding = 4; lastKnownFileType = sourcecode.c.h; path = ESTNearableRule.h; sourceTree = "<group>"; };
		1AF1D0191A92CAD800B0BEA3 /* ESTOrientationRule.h */ = {isa = PBXFileReference; fileEncoding = 4; lastKnownFileType = sourcecode.c.h; path = ESTOrientationRule.h; sourceTree = "<group>"; };
		1AF1D01A1A92CAD800B0BEA3 /* ESTProximityRule.h */ = {isa = PBXFileReference; fileEncoding = 4; lastKnownFileType = sourcecode.c.h; path = ESTProximityRule.h; sourceTree = "<group>"; };
		1AF1D01B1A92CAD800B0BEA3 /* ESTRule.h */ = {isa = PBXFileReference; fileEncoding = 4; lastKnownFileType = sourcecode.c.h; path = ESTRule.h; sourceTree = "<group>"; };
		1AF1D01C1A92CAD800B0BEA3 /* ESTTemperatureRule.h */ = {isa = PBXFileReference; fileEncoding = 4; lastKnownFileType = sourcecode.c.h; path = ESTTemperatureRule.h; sourceTree = "<group>"; };
		1AF1D01D1A92CAD800B0BEA3 /* ESTTrigger.h */ = {isa = PBXFileReference; fileEncoding = 4; lastKnownFileType = sourcecode.c.h; path = ESTTrigger.h; sourceTree = "<group>"; };
		1AF1D01E1A92CAD800B0BEA3 /* ESTTriggerManager.h */ = {isa = PBXFileReference; fileEncoding = 4; lastKnownFileType = sourcecode.c.h; path = ESTTriggerManager.h; sourceTree = "<group>"; };
		1AF1D01F1A92CAD800B0BEA3 /* libEstimoteSDK.a */ = {isa = PBXFileReference; lastKnownFileType = archive.ar; path = libEstimoteSDK.a; sourceTree = "<group>"; };
		1AF1D0211A92CB6700B0BEA3 /* CoreBluetooth.framework */ = {isa = PBXFileReference; lastKnownFileType = wrapper.framework; name = CoreBluetooth.framework; path = System/Library/Frameworks/CoreBluetooth.framework; sourceTree = SDKROOT; };
		1AF1D0231A92CB6F00B0BEA3 /* CoreLocation.framework */ = {isa = PBXFileReference; lastKnownFileType = wrapper.framework; name = CoreLocation.framework; path = System/Library/Frameworks/CoreLocation.framework; sourceTree = SDKROOT; };
		1AF1D0251A92CB7900B0BEA3 /* SystemConfiguration.framework */ = {isa = PBXFileReference; lastKnownFileType = wrapper.framework; name = SystemConfiguration.framework; path = System/Library/Frameworks/SystemConfiguration.framework; sourceTree = SDKROOT; };
		1AF1D0271A92CE1100B0BEA3 /* EstimoteSwiftTest-Bridging-Header.h */ = {isa = PBXFileReference; lastKnownFileType = sourcecode.c.h; path = "EstimoteSwiftTest-Bridging-Header.h"; sourceTree = "<group>"; };
/* End PBXFileReference section */

/* Begin PBXFrameworksBuildPhase section */
		1AF1CFDA1A92CA9A00B0BEA3 /* Frameworks */ = {
			isa = PBXFrameworksBuildPhase;
			buildActionMask = 2147483647;
			files = (
				1AF1D0261A92CB7900B0BEA3 /* SystemConfiguration.framework in Frameworks */,
				1AF1D0241A92CB6F00B0BEA3 /* CoreLocation.framework in Frameworks */,
				1AF1D0221A92CB6700B0BEA3 /* CoreBluetooth.framework in Frameworks */,
				1AF1D0201A92CAD800B0BEA3 /* libEstimoteSDK.a in Frameworks */,
			);
			runOnlyForDeploymentPostprocessing = 0;
		};
		1AF1CFF21A92CA9A00B0BEA3 /* Frameworks */ = {
			isa = PBXFrameworksBuildPhase;
			buildActionMask = 2147483647;
			files = (
			);
			runOnlyForDeploymentPostprocessing = 0;
		};
/* End PBXFrameworksBuildPhase section */

/* Begin PBXGroup section */
		1AF1CFD41A92CA9A00B0BEA3 = {
			isa = PBXGroup;
			children = (
				1AF1CFDF1A92CA9A00B0BEA3 /* EstimoteSwiftTest */,
				1AF1CFF81A92CA9A00B0BEA3 /* EstimoteSwiftTestTests */,
				1AF1CFDE1A92CA9A00B0BEA3 /* Products */,
			);
			sourceTree = "<group>";
		};
		1AF1CFDE1A92CA9A00B0BEA3 /* Products */ = {
			isa = PBXGroup;
			children = (
				1AF1CFDD1A92CA9A00B0BEA3 /* EstimoteSwiftTest.app */,
				1AF1CFF51A92CA9A00B0BEA3 /* EstimoteSwiftTestTests.xctest */,
			);
			name = Products;
			sourceTree = "<group>";
		};
		1AF1CFDF1A92CA9A00B0BEA3 /* EstimoteSwiftTest */ = {
			isa = PBXGroup;
			children = (
				1AF1CFE21A92CA9A00B0BEA3 /* AppDelegate.swift */,
				1AF1CFE71A92CA9A00B0BEA3 /* ViewController.swift */,
				1AF1CFE91A92CA9A00B0BEA3 /* Main.storyboard */,
				1AF1CFEC1A92CA9A00B0BEA3 /* Images.xcassets */,
				1AF1CFEE1A92CA9A00B0BEA3 /* LaunchScreen.xib */,
				1AF1CFE41A92CA9A00B0BEA3 /* EstimoteSwiftTest.xcdatamodeld */,
				1AF1CFE01A92CA9A00B0BEA3 /* Supporting Files */,
				1AF1D0271A92CE1100B0BEA3 /* EstimoteSwiftTest-Bridging-Header.h */,
			);
			path = EstimoteSwiftTest;
			sourceTree = "<group>";
		};
		1AF1CFE01A92CA9A00B0BEA3 /* Supporting Files */ = {
			isa = PBXGroup;
			children = (
				1AF1D0251A92CB7900B0BEA3 /* SystemConfiguration.framework */,
				1AF1D0231A92CB6F00B0BEA3 /* CoreLocation.framework */,
				1AF1D0211A92CB6700B0BEA3 /* CoreBluetooth.framework */,
				1AF1D0051A92CAD800B0BEA3 /* EstimoteSDK */,
				1AF1CFE11A92CA9A00B0BEA3 /* Info.plist */,
			);
			name = "Supporting Files";
			sourceTree = "<group>";
		};
		1AF1CFF81A92CA9A00B0BEA3 /* EstimoteSwiftTestTests */ = {
			isa = PBXGroup;
			children = (
				1AF1CFFB1A92CA9A00B0BEA3 /* EstimoteSwiftTestTests.swift */,
				1AF1CFF91A92CA9A00B0BEA3 /* Supporting Files */,
			);
			path = EstimoteSwiftTestTests;
			sourceTree = "<group>";
		};
		1AF1CFF91A92CA9A00B0BEA3 /* Supporting Files */ = {
			isa = PBXGroup;
			children = (
				1AF1CFFA1A92CA9A00B0BEA3 /* Info.plist */,
			);
			name = "Supporting Files";
			sourceTree = "<group>";
		};
		1AF1D0051A92CAD800B0BEA3 /* EstimoteSDK */ = {
			isa = PBXGroup;
			children = (
				1AF1D0061A92CAD800B0BEA3 /* Headers */,
				1AF1D01F1A92CAD800B0BEA3 /* libEstimoteSDK.a */,
			);
			name = EstimoteSDK;
			path = "../../../Google Drive/Projects and Work/iOS/Estimote SDK/iOS-SDK-master/EstimoteSDK";
			sourceTree = "<group>";
		};
		1AF1D0061A92CAD800B0BEA3 /* Headers */ = {
			isa = PBXGroup;
			children = (
				1AF1D0071A92CAD800B0BEA3 /* ESTBeacon.h */,
				1AF1D0081A92CAD800B0BEA3 /* ESTBeaconDefinitions.h */,
				1AF1D0091A92CAD800B0BEA3 /* ESTBeaconFirmwareVO.h */,
				1AF1D00A1A92CAD800B0BEA3 /* ESTBeaconManager.h */,
				1AF1D00B1A92CAD800B0BEA3 /* ESTBeaconRegion.h */,
				1AF1D00C1A92CAD800B0BEA3 /* ESTBeaconUpdateConfig.h */,
				1AF1D00D1A92CAD800B0BEA3 /* ESTBeaconUpdateInfo.h */,
				1AF1D00E1A92CAD800B0BEA3 /* ESTBeaconVO.h */,
				1AF1D00F1A92CAD800B0BEA3 /* ESTBulkUpdater.h */,
				1AF1D0101A92CAD800B0BEA3 /* ESTConfig.h */,
				1AF1D0111A92CAD800B0BEA3 /* ESTDateRule.h */,
				1AF1D0121A92CAD800B0BEA3 /* ESTDefinitions.h */,
				1AF1D0131A92CAD800B0BEA3 /* ESTFirmwareInfoVO.h */,
				1AF1D0141A92CAD800B0BEA3 /* ESTMotionRule.h */,
				1AF1D0151A92CAD800B0BEA3 /* ESTNearable.h */,
				1AF1D0161A92CAD800B0BEA3 /* ESTNearableDefinitions.h */,
				1AF1D0171A92CAD800B0BEA3 /* ESTNearableManager.h */,
				1AF1D0181A92CAD800B0BEA3 /* ESTNearableRule.h */,
				1AF1D0191A92CAD800B0BEA3 /* ESTOrientationRule.h */,
				1AF1D01A1A92CAD800B0BEA3 /* ESTProximityRule.h */,
				1AF1D01B1A92CAD800B0BEA3 /* ESTRule.h */,
				1AF1D01C1A92CAD800B0BEA3 /* ESTTemperatureRule.h */,
				1AF1D01D1A92CAD800B0BEA3 /* ESTTrigger.h */,
				1AF1D01E1A92CAD800B0BEA3 /* ESTTriggerManager.h */,
			);
			path = Headers;
			sourceTree = "<group>";
		};
/* End PBXGroup section */

/* Begin PBXNativeTarget section */
		1AF1CFDC1A92CA9A00B0BEA3 /* EstimoteSwiftTest */ = {
			isa = PBXNativeTarget;
			buildConfigurationList = 1AF1CFFF1A92CA9A00B0BEA3 /* Build configuration list for PBXNativeTarget "EstimoteSwiftTest" */;
			buildPhases = (
				1AF1CFD91A92CA9A00B0BEA3 /* Sources */,
				1AF1CFDA1A92CA9A00B0BEA3 /* Frameworks */,
				1AF1CFDB1A92CA9A00B0BEA3 /* Resources */,
			);
			buildRules = (
			);
			dependencies = (
			);
			name = EstimoteSwiftTest;
			productName = EstimoteSwiftTest;
			productReference = 1AF1CFDD1A92CA9A00B0BEA3 /* EstimoteSwiftTest.app */;
			productType = "com.apple.product-type.application";
		};
		1AF1CFF41A92CA9A00B0BEA3 /* EstimoteSwiftTestTests */ = {
			isa = PBXNativeTarget;
			buildConfigurationList = 1AF1D0021A92CA9A00B0BEA3 /* Build configuration list for PBXNativeTarget "EstimoteSwiftTestTests" */;
			buildPhases = (
				1AF1CFF11A92CA9A00B0BEA3 /* Sources */,
				1AF1CFF21A92CA9A00B0BEA3 /* Frameworks */,
				1AF1CFF31A92CA9A00B0BEA3 /* Resources */,
			);
			buildRules = (
			);
			dependencies = (
				1AF1CFF71A92CA9A00B0BEA3 /* PBXTargetDependency */,
			);
			name = EstimoteSwiftTestTests;
			productName = EstimoteSwiftTestTests;
			productReference = 1AF1CFF51A92CA9A00B0BEA3 /* EstimoteSwiftTestTests.xctest */;
			productType = "com.apple.product-type.bundle.unit-test";
		};
/* End PBXNativeTarget section */

/* Begin PBXProject section */
		1AF1CFD51A92CA9A00B0BEA3 /* Project object */ = {
			isa = PBXProject;
			attributes = {
				LastUpgradeCheck = 0610;
				ORGANIZATIONNAME = jimdanger;
				TargetAttributes = {
					1AF1CFDC1A92CA9A00B0BEA3 = {
						CreatedOnToolsVersion = 6.1.1;
					};
					1AF1CFF41A92CA9A00B0BEA3 = {
						CreatedOnToolsVersion = 6.1.1;
						TestTargetID = 1AF1CFDC1A92CA9A00B0BEA3;
					};
				};
			};
			buildConfigurationList = 1AF1CFD81A92CA9A00B0BEA3 /* Build configuration list for PBXProject "EstimoteSwiftTest" */;
			compatibilityVersion = "Xcode 3.2";
			developmentRegion = English;
			hasScannedForEncodings = 0;
			knownRegions = (
				en,
				Base,
			);
			mainGroup = 1AF1CFD41A92CA9A00B0BEA3;
			productRefGroup = 1AF1CFDE1A92CA9A00B0BEA3 /* Products */;
			projectDirPath = "";
			projectRoot = "";
			targets = (
				1AF1CFDC1A92CA9A00B0BEA3 /* EstimoteSwiftTest */,
				1AF1CFF41A92CA9A00B0BEA3 /* EstimoteSwiftTestTests */,
			);
		};
/* End PBXProject section */

/* Begin PBXResourcesBuildPhase section */
		1AF1CFDB1A92CA9A00B0BEA3 /* Resources */ = {
			isa = PBXResourcesBuildPhase;
			buildActionMask = 2147483647;
			files = (
				1AF1CFEB1A92CA9A00B0BEA3 /* Main.storyboard in Resources */,
				1AF1CFF01A92CA9A00B0BEA3 /* LaunchScreen.xib in Resources */,
				1AF1CFED1A92CA9A00B0BEA3 /* Images.xcassets in Resources */,
			);
			runOnlyForDeploymentPostprocessing = 0;
		};
		1AF1CFF31A92CA9A00B0BEA3 /* Resources */ = {
			isa = PBXResourcesBuildPhase;
			buildActionMask = 2147483647;
			files = (
			);
			runOnlyForDeploymentPostprocessing = 0;
		};
/* End PBXResourcesBuildPhase section */

/* Begin PBXSourcesBuildPhase section */
		1AF1CFD91A92CA9A00B0BEA3 /* Sources */ = {
			isa = PBXSourcesBuildPhase;
			buildActionMask = 2147483647;
			files = (
				1AF1CFE81A92CA9A00B0BEA3 /* ViewController.swift in Sources */,
				1AF1CFE31A92CA9A00B0BEA3 /* AppDelegate.swift in Sources */,
				1AF1CFE61A92CA9A00B0BEA3 /* EstimoteSwiftTest.xcdatamodeld in Sources */,
			);
			runOnlyForDeploymentPostprocessing = 0;
		};
		1AF1CFF11A92CA9A00B0BEA3 /* Sources */ = {
			isa = PBXSourcesBuildPhase;
			buildActionMask = 2147483647;
			files = (
				1AF1CFFC1A92CA9A00B0BEA3 /* EstimoteSwiftTestTests.swift in Sources */,
			);
			runOnlyForDeploymentPostprocessing = 0;
		};
/* End PBXSourcesBuildPhase section */

/* Begin PBXTargetDependency section */
		1AF1CFF71A92CA9A00B0BEA3 /* PBXTargetDependency */ = {
			isa = PBXTargetDependency;
			target = 1AF1CFDC1A92CA9A00B0BEA3 /* EstimoteSwiftTest */;
			targetProxy = 1AF1CFF61A92CA9A00B0BEA3 /* PBXContainerItemProxy */;
		};
/* End PBXTargetDependency section */

/* Begin PBXVariantGroup section */
		1AF1CFE91A92CA9A00B0BEA3 /* Main.storyboard */ = {
			isa = PBXVariantGroup;
			children = (
				1AF1CFEA1A92CA9A00B0BEA3 /* Base */,
			);
			name = Main.storyboard;
			sourceTree = "<group>";
		};
		1AF1CFEE1A92CA9A00B0BEA3 /* LaunchScreen.xib */ = {
			isa = PBXVariantGroup;
			children = (
				1AF1CFEF1A92CA9A00B0BEA3 /* Base */,
			);
			name = LaunchScreen.xib;
			sourceTree = "<group>";
		};
/* End PBXVariantGroup section */

/* Begin XCBuildConfiguration section */
		1AF1CFFD1A92CA9A00B0BEA3 /* Debug */ = {
			isa = XCBuildConfiguration;
			buildSettings = {
				ALWAYS_SEARCH_USER_PATHS = NO;
				CLANG_CXX_LANGUAGE_STANDARD = "gnu++0x";
				CLANG_CXX_LIBRARY = "libc++";
				CLANG_ENABLE_MODULES = YES;
				CLANG_ENABLE_OBJC_ARC = YES;
				CLANG_WARN_BOOL_CONVERSION = YES;
				CLANG_WARN_CONSTANT_CONVERSION = YES;
				CLANG_WARN_DIRECT_OBJC_ISA_USAGE = YES_ERROR;
				CLANG_WARN_EMPTY_BODY = YES;
				CLANG_WARN_ENUM_CONVERSION = YES;
				CLANG_WARN_INT_CONVERSION = YES;
				CLANG_WARN_OBJC_ROOT_CLASS = YES_ERROR;
				CLANG_WARN_UNREACHABLE_CODE = YES;
				CLANG_WARN__DUPLICATE_METHOD_MATCH = YES;
				"CODE_SIGN_IDENTITY[sdk=iphoneos*]" = "iPhone Developer";
				COPY_PHASE_STRIP = NO;
				ENABLE_STRICT_OBJC_MSGSEND = YES;
				GCC_C_LANGUAGE_STANDARD = gnu99;
				GCC_DYNAMIC_NO_PIC = NO;
				GCC_OPTIMIZATION_LEVEL = 0;
				GCC_PREPROCESSOR_DEFINITIONS = (
					"DEBUG=1",
					"$(inherited)",
				);
				GCC_SYMBOLS_PRIVATE_EXTERN = NO;
				GCC_WARN_64_TO_32_BIT_CONVERSION = YES;
				GCC_WARN_ABOUT_RETURN_TYPE = YES_ERROR;
				GCC_WARN_UNDECLARED_SELECTOR = YES;
				GCC_WARN_UNINITIALIZED_AUTOS = YES_AGGRESSIVE;
				GCC_WARN_UNUSED_FUNCTION = YES;
				GCC_WARN_UNUSED_VARIABLE = YES;
				IPHONEOS_DEPLOYMENT_TARGET = 8.1;
				MTL_ENABLE_DEBUG_INFO = YES;
				ONLY_ACTIVE_ARCH = YES;
				SDKROOT = iphoneos;
				SWIFT_OPTIMIZATION_LEVEL = "-Onone";
				TARGETED_DEVICE_FAMILY = "1,2";
			};
			name = Debug;
		};
		1AF1CFFE1A92CA9A00B0BEA3 /* Release */ = {
			isa = XCBuildConfiguration;
			buildSettings = {
				ALWAYS_SEARCH_USER_PATHS = NO;
				CLANG_CXX_LANGUAGE_STANDARD = "gnu++0x";
				CLANG_CXX_LIBRARY = "libc++";
				CLANG_ENABLE_MODULES = YES;
				CLANG_ENABLE_OBJC_ARC = YES;
				CLANG_WARN_BOOL_CONVERSION = YES;
				CLANG_WARN_CONSTANT_CONVERSION = YES;
				CLANG_WARN_DIRECT_OBJC_ISA_USAGE = YES_ERROR;
				CLANG_WARN_EMPTY_BODY = YES;
				CLANG_WARN_ENUM_CONVERSION = YES;
				CLANG_WARN_INT_CONVERSION = YES;
				CLANG_WARN_OBJC_ROOT_CLASS = YES_ERROR;
				CLANG_WARN_UNREACHABLE_CODE = YES;
				CLANG_WARN__DUPLICATE_METHOD_MATCH = YES;
				"CODE_SIGN_IDENTITY[sdk=iphoneos*]" = "iPhone Developer";
				COPY_PHASE_STRIP = YES;
				ENABLE_NS_ASSERTIONS = NO;
				ENABLE_STRICT_OBJC_MSGSEND = YES;
				GCC_C_LANGUAGE_STANDARD = gnu99;
				GCC_WARN_64_TO_32_BIT_CONVERSION = YES;
				GCC_WARN_ABOUT_RETURN_TYPE = YES_ERROR;
				GCC_WARN_UNDECLARED_SELECTOR = YES;
				GCC_WARN_UNINITIALIZED_AUTOS = YES_AGGRESSIVE;
				GCC_WARN_UNUSED_FUNCTION = YES;
				GCC_WARN_UNUSED_VARIABLE = YES;
				IPHONEOS_DEPLOYMENT_TARGET = 8.1;
				MTL_ENABLE_DEBUG_INFO = NO;
				SDKROOT = iphoneos;
				TARGETED_DEVICE_FAMILY = "1,2";
				VALIDATE_PRODUCT = YES;
			};
			name = Release;
		};
		1AF1D0001A92CA9A00B0BEA3 /* Debug */ = {
			isa = XCBuildConfiguration;
			buildSettings = {
				ASSETCATALOG_COMPILER_APPICON_NAME = AppIcon;
				CLANG_ENABLE_MODULES = YES;
				INFOPLIST_FILE = EstimoteSwiftTest/Info.plist;
				LD_RUNPATH_SEARCH_PATHS = "$(inherited) @executable_path/Frameworks";
				LIBRARY_SEARCH_PATHS = (
					"$(inherited)",
					/Users/james/Google,
					Drive/Projects,
					and,
					Work/iOS/Estimote,
					"SDK/iOS-SDK-master/EstimoteSDK",
				);
				PRODUCT_NAME = "$(TARGET_NAME)";
				SWIFT_OBJC_BRIDGING_HEADER = "EstimoteSwiftTest/EstimoteSwiftTest-Bridging-Header.h";
				SWIFT_OPTIMIZATION_LEVEL = "-Onone";
			};
			name = Debug;
		};
		1AF1D0011A92CA9A00B0BEA3 /* Release */ = {
			isa = XCBuildConfiguration;
			buildSettings = {
				ASSETCATALOG_COMPILER_APPICON_NAME = AppIcon;
				CLANG_ENABLE_MODULES = YES;
				"HEADER_SEARCH_PATHS[arch=*]" = (
					"$(inherited)",
					/Google,
					Drive/Projects,
					and,
					Work/iOS/Estimote,
					"SDK/iOS-SDK-master/EstimoteSDK/Headers",
				);
				INFOPLIST_FILE = EstimoteSwiftTest/Info.plist;
				LD_RUNPATH_SEARCH_PATHS = "$(inherited) @executable_path/Frameworks";
				LIBRARY_SEARCH_PATHS = (
					"$(inherited)",
					/Users/james/Google,
					Drive/Projects,
					and,
					Work/iOS/Estimote,
					"SDK/iOS-SDK-master/EstimoteSDK",
				);
				PRODUCT_NAME = "$(TARGET_NAME)";
				SWIFT_OBJC_BRIDGING_HEADER = "EstimoteSwiftTest/EstimoteSwiftTest-Bridging-Header.h";
			};
			name = Release;
		};
		1AF1D0031A92CA9A00B0BEA3 /* Debug */ = {
			isa = XCBuildConfiguration;
			buildSettings = {
				BUNDLE_LOADER = "$(TEST_HOST)";
				FRAMEWORK_SEARCH_PATHS = (
					"$(SDKROOT)/Developer/Library/Frameworks",
					"$(inherited)",
				);
				GCC_PREPROCESSOR_DEFINITIONS = (
					"DEBUG=1",
					"$(inherited)",
				);
				INFOPLIST_FILE = EstimoteSwiftTestTests/Info.plist;
				LD_RUNPATH_SEARCH_PATHS = "$(inherited) @executable_path/Frameworks @loader_path/Frameworks";
				PRODUCT_NAME = "$(TARGET_NAME)";
				TEST_HOST = "$(BUILT_PRODUCTS_DIR)/EstimoteSwiftTest.app/EstimoteSwiftTest";
			};
			name = Debug;
		};
		1AF1D0041A92CA9A00B0BEA3 /* Release */ = {
			isa = XCBuildConfiguration;
			buildSettings = {
				BUNDLE_LOADER = "$(TEST_HOST)";
				FRAMEWORK_SEARCH_PATHS = (
					"$(SDKROOT)/Developer/Library/Frameworks",
					"$(inherited)",
				);
				INFOPLIST_FILE = EstimoteSwiftTestTests/Info.plist;
				LD_RUNPATH_SEARCH_PATHS = "$(inherited) @executable_path/Frameworks @loader_path/Frameworks";
				PRODUCT_NAME = "$(TARGET_NAME)";
				TEST_HOST = "$(BUILT_PRODUCTS_DIR)/EstimoteSwiftTest.app/EstimoteSwiftTest";
			};
			name = Release;
		};
/* End XCBuildConfiguration section */

/* Begin XCConfigurationList section */
		1AF1CFD81A92CA9A00B0BEA3 /* Build configuration list for PBXProject "EstimoteSwiftTest" */ = {
			isa = XCConfigurationList;
			buildConfigurations = (
				1AF1CFFD1A92CA9A00B0BEA3 /* Debug */,
				1AF1CFFE1A92CA9A00B0BEA3 /* Release */,
			);
			defaultConfigurationIsVisible = 0;
			defaultConfigurationName = Release;
		};
		1AF1CFFF1A92CA9A00B0BEA3 /* Build configuration list for PBXNativeTarget "EstimoteSwiftTest" */ = {
			isa = XCConfigurationList;
			buildConfigurations = (
				1AF1D0001A92CA9A00B0BEA3 /* Debug */,
				1AF1D0011A92CA9A00B0BEA3 /* Release */,
			);
			defaultConfigurationIsVisible = 0;
		};
		1AF1D0021A92CA9A00B0BEA3 /* Build configuration list for PBXNativeTarget "EstimoteSwiftTestTests" */ = {
			isa = XCConfigurationList;
			buildConfigurations = (
				1AF1D0031A92CA9A00B0BEA3 /* Debug */,
				1AF1D0041A92CA9A00B0BEA3 /* Release */,
			);
			defaultConfigurationIsVisible = 0;
		};
/* End XCConfigurationList section */

/* Begin XCVersionGroup section */
		1AF1CFE41A92CA9A00B0BEA3 /* EstimoteSwiftTest.xcdatamodeld */ = {
			isa = XCVersionGroup;
			children = (
				1AF1CFE51A92CA9A00B0BEA3 /* EstimoteSwiftTest.xcdatamodel */,
			);
			currentVersion = 1AF1CFE51A92CA9A00B0BEA3 /* EstimoteSwiftTest.xcdatamodel */;
			path = EstimoteSwiftTest.xcdatamodeld;
			sourceTree = "<group>";
			versionGroupType = wrapper.xcdatamodel;
		};
/* End XCVersionGroup section */
	};
	rootObject = 1AF1CFD51A92CA9A00B0BEA3 /* Project object */;
}
